// !$*UTF8*$!
{
	archiveVersion = 1;
	classes = {
	};
	objectVersion = 55;
	objects = {

/* Begin PBXBuildFile section */
		564F6070280A7D41008A463B /* AppetizersApp.swift in Sources */ = {isa = PBXBuildFile; fileRef = 564F606F280A7D41008A463B /* AppetizersApp.swift */; };
		564F6072280A7D41008A463B /* AppetizerTabView.swift in Sources */ = {isa = PBXBuildFile; fileRef = 564F6071280A7D41008A463B /* AppetizerTabView.swift */; };
		564F6074280A7D43008A463B /* Assets.xcassets in Resources */ = {isa = PBXBuildFile; fileRef = 564F6073280A7D43008A463B /* Assets.xcassets */; };
		564F6077280A7D43008A463B /* Preview Assets.xcassets in Resources */ = {isa = PBXBuildFile; fileRef = 564F6076280A7D43008A463B /* Preview Assets.xcassets */; };
		564F607E280A7D7E008A463B /* AppetizerListView.swift in Sources */ = {isa = PBXBuildFile; fileRef = 564F607D280A7D7E008A463B /* AppetizerListView.swift */; };
		564F6080280A7D89008A463B /* AccountView.swift in Sources */ = {isa = PBXBuildFile; fileRef = 564F607F280A7D89008A463B /* AccountView.swift */; };
		564F6082280A7D95008A463B /* OrderView.swift in Sources */ = {isa = PBXBuildFile; fileRef = 564F6081280A7D95008A463B /* OrderView.swift */; };
		564F6084280A8427008A463B /* Appetizer.swift in Sources */ = {isa = PBXBuildFile; fileRef = 564F6083280A8427008A463B /* Appetizer.swift */; };
		564F6086280A8C43008A463B /* AppetizerListCell.swift in Sources */ = {isa = PBXBuildFile; fileRef = 564F6085280A8C43008A463B /* AppetizerListCell.swift */; };
		564F6088280A8D47008A463B /* NetworkManager.swift in Sources */ = {isa = PBXBuildFile; fileRef = 564F6087280A8D47008A463B /* NetworkManager.swift */; };
		564F608A280A8EB2008A463B /* APError.swift in Sources */ = {isa = PBXBuildFile; fileRef = 564F6089280A8EB2008A463B /* APError.swift */; };
		564F608C280A972B008A463B /* AppetizerViewModel.swift in Sources */ = {isa = PBXBuildFile; fileRef = 564F608B280A972B008A463B /* AppetizerViewModel.swift */; };
		564F608E280B09B8008A463B /* Alerts.swift in Sources */ = {isa = PBXBuildFile; fileRef = 564F608D280B09B8008A463B /* Alerts.swift */; };
		565D81EA280B48530093DCDC /* LoadingView.swift in Sources */ = {isa = PBXBuildFile; fileRef = 565D81E9280B48530093DCDC /* LoadingView.swift */; };
		565D81EC280B49330093DCDC /* Color+Ext.swift in Sources */ = {isa = PBXBuildFile; fileRef = 565D81EB280B49330093DCDC /* Color+Ext.swift */; };
		5668F844280E69DD00DE8C06 /* RemoteImage.swift in Sources */ = {isa = PBXBuildFile; fileRef = 5668F843280E69DD00DE8C06 /* RemoteImage.swift */; };
		5668F852280E7B9F00DE8C06 /* AppetizerDetailView.swift in Sources */ = {isa = PBXBuildFile; fileRef = 5668F851280E7B9F00DE8C06 /* AppetizerDetailView.swift */; };
		5668F855280E933000DE8C06 /* APButton.swift in Sources */ = {isa = PBXBuildFile; fileRef = 5668F854280E933000DE8C06 /* APButton.swift */; };
		5699A5522814F32500FA62E2 /* AccountViewModel.swift in Sources */ = {isa = PBXBuildFile; fileRef = 5699A5512814F32500FA62E2 /* AccountViewModel.swift */; };
		5699A5542814F4B200FA62E2 /* StringExtensions.swift in Sources */ = {isa = PBXBuildFile; fileRef = 5699A5532814F4B200FA62E2 /* StringExtensions.swift */; };
/* End PBXBuildFile section */

/* Begin PBXFileReference section */
		564F606C280A7D41008A463B /* Appetizers.app */ = {isa = PBXFileReference; explicitFileType = wrapper.application; includeInIndex = 0; path = Appetizers.app; sourceTree = BUILT_PRODUCTS_DIR; };
		564F606F280A7D41008A463B /* AppetizersApp.swift */ = {isa = PBXFileReference; lastKnownFileType = sourcecode.swift; path = AppetizersApp.swift; sourceTree = "<group>"; };
		564F6071280A7D41008A463B /* AppetizerTabView.swift */ = {isa = PBXFileReference; lastKnownFileType = sourcecode.swift; path = AppetizerTabView.swift; sourceTree = "<group>"; };
		564F6073280A7D43008A463B /* Assets.xcassets */ = {isa = PBXFileReference; lastKnownFileType = folder.assetcatalog; path = Assets.xcassets; sourceTree = "<group>"; };
		564F6076280A7D43008A463B /* Preview Assets.xcassets */ = {isa = PBXFileReference; lastKnownFileType = folder.assetcatalog; path = "Preview Assets.xcassets"; sourceTree = "<group>"; };
		564F607D280A7D7E008A463B /* AppetizerListView.swift */ = {isa = PBXFileReference; lastKnownFileType = sourcecode.swift; path = AppetizerListView.swift; sourceTree = "<group>"; };
		564F607F280A7D89008A463B /* AccountView.swift */ = {isa = PBXFileReference; lastKnownFileType = sourcecode.swift; path = AccountView.swift; sourceTree = "<group>"; };
		564F6081280A7D95008A463B /* OrderView.swift */ = {isa = PBXFileReference; lastKnownFileType = sourcecode.swift; path = OrderView.swift; sourceTree = "<group>"; };
		564F6083280A8427008A463B /* Appetizer.swift */ = {isa = PBXFileReference; lastKnownFileType = sourcecode.swift; path = Appetizer.swift; sourceTree = "<group>"; };
		564F6085280A8C43008A463B /* AppetizerListCell.swift */ = {isa = PBXFileReference; lastKnownFileType = sourcecode.swift; path = AppetizerListCell.swift; sourceTree = "<group>"; };
		564F6087280A8D47008A463B /* NetworkManager.swift */ = {isa = PBXFileReference; lastKnownFileType = sourcecode.swift; path = NetworkManager.swift; sourceTree = "<group>"; };
		564F6089280A8EB2008A463B /* APError.swift */ = {isa = PBXFileReference; lastKnownFileType = sourcecode.swift; path = APError.swift; sourceTree = "<group>"; };
		564F608B280A972B008A463B /* AppetizerViewModel.swift */ = {isa = PBXFileReference; lastKnownFileType = sourcecode.swift; path = AppetizerViewModel.swift; sourceTree = "<group>"; };
		564F608D280B09B8008A463B /* Alerts.swift */ = {isa = PBXFileReference; lastKnownFileType = sourcecode.swift; path = Alerts.swift; sourceTree = "<group>"; };
		565D81E9280B48530093DCDC /* LoadingView.swift */ = {isa = PBXFileReference; lastKnownFileType = sourcecode.swift; path = LoadingView.swift; sourceTree = "<group>"; };
		565D81EB280B49330093DCDC /* Color+Ext.swift */ = {isa = PBXFileReference; lastKnownFileType = sourcecode.swift; path = "Color+Ext.swift"; sourceTree = "<group>"; };
		5668F843280E69DD00DE8C06 /* RemoteImage.swift */ = {isa = PBXFileReference; lastKnownFileType = sourcecode.swift; path = RemoteImage.swift; sourceTree = "<group>"; };
		5668F851280E7B9F00DE8C06 /* AppetizerDetailView.swift */ = {isa = PBXFileReference; lastKnownFileType = sourcecode.swift; path = AppetizerDetailView.swift; sourceTree = "<group>"; };
		5668F854280E933000DE8C06 /* APButton.swift */ = {isa = PBXFileReference; lastKnownFileType = sourcecode.swift; path = APButton.swift; sourceTree = "<group>"; };
		5699A5512814F32500FA62E2 /* AccountViewModel.swift */ = {isa = PBXFileReference; lastKnownFileType = sourcecode.swift; path = AccountViewModel.swift; sourceTree = "<group>"; };
		5699A5532814F4B200FA62E2 /* StringExtensions.swift */ = {isa = PBXFileReference; lastKnownFileType = sourcecode.swift; path = StringExtensions.swift; sourceTree = "<group>"; };
/* End PBXFileReference section */

/* Begin PBXFrameworksBuildPhase section */
		564F6069280A7D41008A463B /* Frameworks */ = {
			isa = PBXFrameworksBuildPhase;
			buildActionMask = 2147483647;
			files = (
			);
			runOnlyForDeploymentPostprocessing = 0;
		};
/* End PBXFrameworksBuildPhase section */

/* Begin PBXGroup section */
		564F6063280A7D41008A463B = {
			isa = PBXGroup;
			children = (
				564F606E280A7D41008A463B /* Appetizers */,
				564F606D280A7D41008A463B /* Products */,
			);
			sourceTree = "<group>";
		};
		564F606D280A7D41008A463B /* Products */ = {
			isa = PBXGroup;
			children = (
				564F606C280A7D41008A463B /* Appetizers.app */,
			);
			name = Products;
			sourceTree = "<group>";
		};
		564F606E280A7D41008A463B /* Appetizers */ = {
			isa = PBXGroup;
			children = (
				5668F84A280E799A00DE8C06 /* Utilities */,
				565D81E6280B47C90093DCDC /* Model */,
				5668F84D280E7A4900DE8C06 /* Views */,
				565D81E8280B48060093DCDC /* ViewModel */,
				564F606F280A7D41008A463B /* AppetizersApp.swift */,
				564F6073280A7D43008A463B /* Assets.xcassets */,
				564F6075280A7D43008A463B /* Preview Content */,
				5668F851280E7B9F00DE8C06 /* AppetizerDetailView.swift */,
			);
			path = Appetizers;
			sourceTree = "<group>";
		};
		564F6075280A7D43008A463B /* Preview Content */ = {
			isa = PBXGroup;
			children = (
				564F6076280A7D43008A463B /* Preview Assets.xcassets */,
			);
			path = "Preview Content";
			sourceTree = "<group>";
		};
		565D81E5280B47A80093DCDC /* Screens */ = {
			isa = PBXGroup;
			children = (
				5668F849280E796600DE8C06 /* AppetizerView */,
				5668F847280E794300DE8C06 /* AccountView */,
				5668F845280E792800DE8C06 /* OrderView */,
			);
			path = Screens;
			sourceTree = "<group>";
		};
		565D81E6280B47C90093DCDC /* Model */ = {
			isa = PBXGroup;
			children = (
				564F6083280A8427008A463B /* Appetizer.swift */,
			);
			path = Model;
			sourceTree = "<group>";
		};
		565D81E7280B47E30093DCDC /* Manager */ = {
			isa = PBXGroup;
			children = (
				564F6087280A8D47008A463B /* NetworkManager.swift */,
			);
			path = Manager;
			sourceTree = "<group>";
		};
		565D81E8280B48060093DCDC /* ViewModel */ = {
			isa = PBXGroup;
			children = (
				564F608B280A972B008A463B /* AppetizerViewModel.swift */,
				5699A5512814F32500FA62E2 /* AccountViewModel.swift */,
			);
			path = ViewModel;
			sourceTree = "<group>";
		};
		5668F845280E792800DE8C06 /* OrderView */ = {
			isa = PBXGroup;
			children = (
				564F6081280A7D95008A463B /* OrderView.swift */,
			);
			path = OrderView;
			sourceTree = "<group>";
		};
		5668F847280E794300DE8C06 /* AccountView */ = {
			isa = PBXGroup;
			children = (
				564F607F280A7D89008A463B /* AccountView.swift */,
			);
			path = AccountView;
			sourceTree = "<group>";
		};
		5668F849280E796600DE8C06 /* AppetizerView */ = {
			isa = PBXGroup;
			children = (
				564F6071280A7D41008A463B /* AppetizerTabView.swift */,
				564F607D280A7D7E008A463B /* AppetizerListView.swift */,
			);
			path = AppetizerView;
			sourceTree = "<group>";
		};
		5668F84A280E799A00DE8C06 /* Utilities */ = {
			isa = PBXGroup;
			children = (
				5668F84C280E79E800DE8C06 /* Alerts */,
				5668F84B280E79CF00DE8C06 /* Extensions */,
				565D81E7280B47E30093DCDC /* Manager */,
			);
			path = Utilities;
			sourceTree = "<group>";
		};
		5668F84B280E79CF00DE8C06 /* Extensions */ = {
			isa = PBXGroup;
			children = (
				565D81EB280B49330093DCDC /* Color+Ext.swift */,
				5699A5532814F4B200FA62E2 /* StringExtensions.swift */,
			);
			path = Extensions;
			sourceTree = "<group>";
		};
		5668F84C280E79E800DE8C06 /* Alerts */ = {
			isa = PBXGroup;
			children = (
				564F608D280B09B8008A463B /* Alerts.swift */,
				564F6089280A8EB2008A463B /* APError.swift */,
			);
			path = Alerts;
			sourceTree = "<group>";
		};
		5668F84D280E7A4900DE8C06 /* Views */ = {
			isa = PBXGroup;
			children = (
				5668F853280E92F300DE8C06 /* Buttons */,
				565D81E5280B47A80093DCDC /* Screens */,
				5668F850280E7A6B00DE8C06 /* Cells */,
				5668F84F280E7A6300DE8C06 /* Image */,
				5668F84E280E7A5500DE8C06 /* UIKIT Components */,
			);
			path = Views;
			sourceTree = "<group>";
		};
		5668F84E280E7A5500DE8C06 /* UIKIT Components */ = {
			isa = PBXGroup;
			children = (
				565D81E9280B48530093DCDC /* LoadingView.swift */,
			);
			path = "UIKIT Components";
			sourceTree = "<group>";
		};
		5668F84F280E7A6300DE8C06 /* Image */ = {
			isa = PBXGroup;
			children = (
				5668F843280E69DD00DE8C06 /* RemoteImage.swift */,
			);
			path = Image;
			sourceTree = "<group>";
		};
		5668F850280E7A6B00DE8C06 /* Cells */ = {
			isa = PBXGroup;
			children = (
				564F6085280A8C43008A463B /* AppetizerListCell.swift */,
			);
			path = Cells;
			sourceTree = "<group>";
		};
		5668F853280E92F300DE8C06 /* Buttons */ = {
			isa = PBXGroup;
			children = (
				5668F854280E933000DE8C06 /* APButton.swift */,
			);
			path = Buttons;
			sourceTree = "<group>";
		};
/* End PBXGroup section */

/* Begin PBXNativeTarget section */
		564F606B280A7D41008A463B /* Appetizers */ = {
			isa = PBXNativeTarget;
			buildConfigurationList = 564F607A280A7D43008A463B /* Build configuration list for PBXNativeTarget "Appetizers" */;
			buildPhases = (
				564F6068280A7D41008A463B /* Sources */,
				564F6069280A7D41008A463B /* Frameworks */,
				564F606A280A7D41008A463B /* Resources */,
			);
			buildRules = (
			);
			dependencies = (
			);
			name = Appetizers;
			productName = Appetizers;
			productReference = 564F606C280A7D41008A463B /* Appetizers.app */;
			productType = "com.apple.product-type.application";
		};
/* End PBXNativeTarget section */

/* Begin PBXProject section */
		564F6064280A7D41008A463B /* Project object */ = {
			isa = PBXProject;
			attributes = {
				BuildIndependentTargetsInParallel = 1;
				LastSwiftUpdateCheck = 1330;
				LastUpgradeCheck = 1330;
				TargetAttributes = {
					564F606B280A7D41008A463B = {
						CreatedOnToolsVersion = 13.3.1;
					};
				};
			};
			buildConfigurationList = 564F6067280A7D41008A463B /* Build configuration list for PBXProject "Appetizers" */;
			compatibilityVersion = "Xcode 13.0";
			developmentRegion = en;
			hasScannedForEncodings = 0;
			knownRegions = (
				en,
				Base,
			);
			mainGroup = 564F6063280A7D41008A463B;
			productRefGroup = 564F606D280A7D41008A463B /* Products */;
			projectDirPath = "";
			projectRoot = "";
			targets = (
				564F606B280A7D41008A463B /* Appetizers */,
			);
		};
/* End PBXProject section */

/* Begin PBXResourcesBuildPhase section */
		564F606A280A7D41008A463B /* Resources */ = {
			isa = PBXResourcesBuildPhase;
			buildActionMask = 2147483647;
			files = (
				564F6077280A7D43008A463B /* Preview Assets.xcassets in Resources */,
				564F6074280A7D43008A463B /* Assets.xcassets in Resources */,
			);
			runOnlyForDeploymentPostprocessing = 0;
		};
/* End PBXResourcesBuildPhase section */

/* Begin PBXSourcesBuildPhase section */
		564F6068280A7D41008A463B /* Sources */ = {
			isa = PBXSourcesBuildPhase;
			buildActionMask = 2147483647;
			files = (
				564F6084280A8427008A463B /* Appetizer.swift in Sources */,
				564F608A280A8EB2008A463B /* APError.swift in Sources */,
				564F6086280A8C43008A463B /* AppetizerListCell.swift in Sources */,
				564F6080280A7D89008A463B /* AccountView.swift in Sources */,
				565D81EC280B49330093DCDC /* Color+Ext.swift in Sources */,
				564F6072280A7D41008A463B /* AppetizerTabView.swift in Sources */,
				5668F855280E933000DE8C06 /* APButton.swift in Sources */,
				565D81EA280B48530093DCDC /* LoadingView.swift in Sources */,
				564F6088280A8D47008A463B /* NetworkManager.swift in Sources */,
				564F6070280A7D41008A463B /* AppetizersApp.swift in Sources */,
				5668F844280E69DD00DE8C06 /* RemoteImage.swift in Sources */,
				5668F852280E7B9F00DE8C06 /* AppetizerDetailView.swift in Sources */,
				5699A5542814F4B200FA62E2 /* StringExtensions.swift in Sources */,
				564F608C280A972B008A463B /* AppetizerViewModel.swift in Sources */,
				564F607E280A7D7E008A463B /* AppetizerListView.swift in Sources */,
				564F608E280B09B8008A463B /* Alerts.swift in Sources */,
				5699A5522814F32500FA62E2 /* AccountViewModel.swift in Sources */,
				564F6082280A7D95008A463B /* OrderView.swift in Sources */,
			);
			runOnlyForDeploymentPostprocessing = 0;
		};
/* End PBXSourcesBuildPhase section */

/* Begin XCBuildConfiguration section */
		564F6078280A7D43008A463B /* Debug */ = {
			isa = XCBuildConfiguration;
			buildSettings = {
				ALWAYS_SEARCH_USER_PATHS = NO;
				CLANG_ANALYZER_NONNULL = YES;
				CLANG_ANALYZER_NUMBER_OBJECT_CONVERSION = YES_AGGRESSIVE;
				CLANG_CXX_LANGUAGE_STANDARD = "gnu++17";
				CLANG_ENABLE_MODULES = YES;
				CLANG_ENABLE_OBJC_ARC = YES;
				CLANG_ENABLE_OBJC_WEAK = YES;
				CLANG_WARN_BLOCK_CAPTURE_AUTORELEASING = YES;
				CLANG_WARN_BOOL_CONVERSION = YES;
				CLANG_WARN_COMMA = YES;
				CLANG_WARN_CONSTANT_CONVERSION = YES;
				CLANG_WARN_DEPRECATED_OBJC_IMPLEMENTATIONS = YES;
				CLANG_WARN_DIRECT_OBJC_ISA_USAGE = YES_ERROR;
				CLANG_WARN_DOCUMENTATION_COMMENTS = YES;
				CLANG_WARN_EMPTY_BODY = YES;
				CLANG_WARN_ENUM_CONVERSION = YES;
				CLANG_WARN_INFINITE_RECURSION = YES;
				CLANG_WARN_INT_CONVERSION = YES;
				CLANG_WARN_NON_LITERAL_NULL_CONVERSION = YES;
				CLANG_WARN_OBJC_IMPLICIT_RETAIN_SELF = YES;
				CLANG_WARN_OBJC_LITERAL_CONVERSION = YES;
				CLANG_WARN_OBJC_ROOT_CLASS = YES_ERROR;
				CLANG_WARN_QUOTED_INCLUDE_IN_FRAMEWORK_HEADER = YES;
				CLANG_WARN_RANGE_LOOP_ANALYSIS = YES;
				CLANG_WARN_STRICT_PROTOTYPES = YES;
				CLANG_WARN_SUSPICIOUS_MOVE = YES;
				CLANG_WARN_UNGUARDED_AVAILABILITY = YES_AGGRESSIVE;
				CLANG_WARN_UNREACHABLE_CODE = YES;
				CLANG_WARN__DUPLICATE_METHOD_MATCH = YES;
				COPY_PHASE_STRIP = NO;
				DEBUG_INFORMATION_FORMAT = dwarf;
				ENABLE_STRICT_OBJC_MSGSEND = YES;
				ENABLE_TESTABILITY = YES;
				GCC_C_LANGUAGE_STANDARD = gnu11;
				GCC_DYNAMIC_NO_PIC = NO;
				GCC_NO_COMMON_BLOCKS = YES;
				GCC_OPTIMIZATION_LEVEL = 0;
				GCC_PREPROCESSOR_DEFINITIONS = (
					"DEBUG=1",
					"$(inherited)",
				);
				GCC_WARN_64_TO_32_BIT_CONVERSION = YES;
				GCC_WARN_ABOUT_RETURN_TYPE = YES_ERROR;
				GCC_WARN_UNDECLARED_SELECTOR = YES;
				GCC_WARN_UNINITIALIZED_AUTOS = YES_AGGRESSIVE;
				GCC_WARN_UNUSED_FUNCTION = YES;
				GCC_WARN_UNUSED_VARIABLE = YES;
				IPHONEOS_DEPLOYMENT_TARGET = 15.4;
				MTL_ENABLE_DEBUG_INFO = INCLUDE_SOURCE;
				MTL_FAST_MATH = YES;
				ONLY_ACTIVE_ARCH = YES;
				SDKROOT = iphoneos;
				SWIFT_ACTIVE_COMPILATION_CONDITIONS = DEBUG;
				SWIFT_OPTIMIZATION_LEVEL = "-Onone";
			};
			name = Debug;
		};
		564F6079280A7D43008A463B /* Release */ = {
			isa = XCBuildConfiguration;
			buildSettings = {
				ALWAYS_SEARCH_USER_PATHS = NO;
				CLANG_ANALYZER_NONNULL = YES;
				CLANG_ANALYZER_NUMBER_OBJECT_CONVERSION = YES_AGGRESSIVE;
				CLANG_CXX_LANGUAGE_STANDARD = "gnu++17";
				CLANG_ENABLE_MODULES = YES;
				CLANG_ENABLE_OBJC_ARC = YES;
				CLANG_ENABLE_OBJC_WEAK = YES;
				CLANG_WARN_BLOCK_CAPTURE_AUTORELEASING = YES;
				CLANG_WARN_BOOL_CONVERSION = YES;
				CLANG_WARN_COMMA = YES;
				CLANG_WARN_CONSTANT_CONVERSION = YES;
				CLANG_WARN_DEPRECATED_OBJC_IMPLEMENTATIONS = YES;
				CLANG_WARN_DIRECT_OBJC_ISA_USAGE = YES_ERROR;
				CLANG_WARN_DOCUMENTATION_COMMENTS = YES;
				CLANG_WARN_EMPTY_BODY = YES;
				CLANG_WARN_ENUM_CONVERSION = YES;
				CLANG_WARN_INFINITE_RECURSION = YES;
				CLANG_WARN_INT_CONVERSION = YES;
				CLANG_WARN_NON_LITERAL_NULL_CONVERSION = YES;
				CLANG_WARN_OBJC_IMPLICIT_RETAIN_SELF = YES;
				CLANG_WARN_OBJC_LITERAL_CONVERSION = YES;
				CLANG_WARN_OBJC_ROOT_CLASS = YES_ERROR;
				CLANG_WARN_QUOTED_INCLUDE_IN_FRAMEWORK_HEADER = YES;
				CLANG_WARN_RANGE_LOOP_ANALYSIS = YES;
				CLANG_WARN_STRICT_PROTOTYPES = YES;
				CLANG_WARN_SUSPICIOUS_MOVE = YES;
				CLANG_WARN_UNGUARDED_AVAILABILITY = YES_AGGRESSIVE;
				CLANG_WARN_UNREACHABLE_CODE = YES;
				CLANG_WARN__DUPLICATE_METHOD_MATCH = YES;
				COPY_PHASE_STRIP = NO;
				DEBUG_INFORMATION_FORMAT = "dwarf-with-dsym";
				ENABLE_NS_ASSERTIONS = NO;
				ENABLE_STRICT_OBJC_MSGSEND = YES;
				GCC_C_LANGUAGE_STANDARD = gnu11;
				GCC_NO_COMMON_BLOCKS = YES;
				GCC_WARN_64_TO_32_BIT_CONVERSION = YES;
				GCC_WARN_ABOUT_RETURN_TYPE = YES_ERROR;
				GCC_WARN_UNDECLARED_SELECTOR = YES;
				GCC_WARN_UNINITIALIZED_AUTOS = YES_AGGRESSIVE;
				GCC_WARN_UNUSED_FUNCTION = YES;
				GCC_WARN_UNUSED_VARIABLE = YES;
				IPHONEOS_DEPLOYMENT_TARGET = 15.4;
				MTL_ENABLE_DEBUG_INFO = NO;
				MTL_FAST_MATH = YES;
				SDKROOT = iphoneos;
				SWIFT_COMPILATION_MODE = wholemodule;
				SWIFT_OPTIMIZATION_LEVEL = "-O";
				VALIDATE_PRODUCT = YES;
			};
			name = Release;
		};
		564F607B280A7D43008A463B /* Debug */ = {
			isa = XCBuildConfiguration;
			buildSettings = {
				ASSETCATALOG_COMPILER_APPICON_NAME = AppIcon;
				ASSETCATALOG_COMPILER_GLOBAL_ACCENT_COLOR_NAME = AccentColor;
				CODE_SIGN_STYLE = Automatic;
				CURRENT_PROJECT_VERSION = 1;
				DEVELOPMENT_ASSET_PATHS = "\"Appetizers/Preview Content\"";
				DEVELOPMENT_TEAM = TPM3CS87N5;
				ENABLE_PREVIEWS = YES;
				GENERATE_INFOPLIST_FILE = YES;
				INFOPLIST_KEY_UIApplicationSceneManifest_Generation = YES;
				INFOPLIST_KEY_UIApplicationSupportsIndirectInputEvents = YES;
				INFOPLIST_KEY_UILaunchScreen_Generation = YES;
				INFOPLIST_KEY_UISupportedInterfaceOrientations_iPad = "UIInterfaceOrientationPortrait UIInterfaceOrientationPortraitUpsideDown UIInterfaceOrientationLandscapeLeft UIInterfaceOrientationLandscapeRight";
				INFOPLIST_KEY_UISupportedInterfaceOrientations_iPhone = "UIInterfaceOrientationPortrait UIInterfaceOrientationLandscapeLeft UIInterfaceOrientationLandscapeRight";
				LD_RUNPATH_SEARCH_PATHS = (
					"$(inherited)",
					"@executable_path/Frameworks",
				);
				MARKETING_VERSION = 1.0;
				PRODUCT_BUNDLE_IDENTIFIER = br.com.filipeilunga.Appetizers;
				PRODUCT_NAME = "$(TARGET_NAME)";
				SWIFT_EMIT_LOC_STRINGS = YES;
				SWIFT_VERSION = 5.0;
				TARGETED_DEVICE_FAMILY = "1,2";
			};
			name = Debug;
		};
		564F607C280A7D43008A463B /* Release */ = {
			isa = XCBuildConfiguration;
			buildSettings = {
				ASSETCATALOG_COMPILER_APPICON_NAME = AppIcon;
				ASSETCATALOG_COMPILER_GLOBAL_ACCENT_COLOR_NAME = AccentColor;
				CODE_SIGN_STYLE = Automatic;
				CURRENT_PROJECT_VERSION = 1;
				DEVELOPMENT_ASSET_PATHS = "\"Appetizers/Preview Content\"";
				DEVELOPMENT_TEAM = TPM3CS87N5;
				ENABLE_PREVIEWS = YES;
				GENERATE_INFOPLIST_FILE = YES;
				INFOPLIST_KEY_UIApplicationSceneManifest_Generation = YES;
				INFOPLIST_KEY_UIApplicationSupportsIndirectInputEvents = YES;
				INFOPLIST_KEY_UILaunchScreen_Generation = YES;
				INFOPLIST_KEY_UISupportedInterfaceOrientations_iPad = "UIInterfaceOrientationPortrait UIInterfaceOrientationPortraitUpsideDown UIInterfaceOrientationLandscapeLeft UIInterfaceOrientationLandscapeRight";
				INFOPLIST_KEY_UISupportedInterfaceOrientations_iPhone = "UIInterfaceOrientationPortrait UIInterfaceOrientationLandscapeLeft UIInterfaceOrientationLandscapeRight";
				LD_RUNPATH_SEARCH_PATHS = (
					"$(inherited)",
					"@executable_path/Frameworks",
				);
				MARKETING_VERSION = 1.0;
				PRODUCT_BUNDLE_IDENTIFIER = br.com.filipeilunga.Appetizers;
				PRODUCT_NAME = "$(TARGET_NAME)";
				SWIFT_EMIT_LOC_STRINGS = YES;
				SWIFT_VERSION = 5.0;
				TARGETED_DEVICE_FAMILY = "1,2";
			};
			name = Release;
		};
/* End XCBuildConfiguration section */

/* Begin XCConfigurationList section */
		564F6067280A7D41008A463B /* Build configuration list for PBXProject "Appetizers" */ = {
			isa = XCConfigurationList;
			buildConfigurations = (
				564F6078280A7D43008A463B /* Debug */,
				564F6079280A7D43008A463B /* Release */,
			);
			defaultConfigurationIsVisible = 0;
			defaultConfigurationName = Release;
		};
		564F607A280A7D43008A463B /* Build configuration list for PBXNativeTarget "Appetizers" */ = {
			isa = XCConfigurationList;
			buildConfigurations = (
				564F607B280A7D43008A463B /* Debug */,
				564F607C280A7D43008A463B /* Release */,
			);
			defaultConfigurationIsVisible = 0;
			defaultConfigurationName = Release;
		};
/* End XCConfigurationList section */
	};
	rootObject = 564F6064280A7D41008A463B /* Project object */;
}
